{
  "version": 4,
  "terraform_version": "0.12.18",
  "serial": 6,
  "lineage": "0203d150-e702-5bbb-2244-b8d2cb59154c",
  "outputs": {},
  "resources": [
    {
      "module": "module.instancies",
      "mode": "data",
      "type": "openstack_images_image_v2",
      "name": "img",
      "provider": "provider.openstack",
      "instances": [
        {
          "schema_version": 0,
          "attributes": {
            "checksum": "f8ab98ff5e73ebab884d80c9dc9c7290",
            "container_format": "bare",
            "created_at": "2018-04-06T18:52:18Z",
            "disk_format": "qcow2",
            "file": "/v2/images/58989945-744d-452f-8758-bc1b5dba7d61/file",
            "id": "58989945-744d-452f-8758-bc1b5dba7d61",
            "member_status": null,
            "metadata": {},
            "min_disk_gb": 0,
            "min_ram_mb": 0,
            "most_recent": true,
            "name": "cirros",
            "owner": "706418845b734a4db763a7f6d68495eb",
            "properties": null,
            "protected": false,
            "region": null,
            "schema": "/v2/schemas/image",
            "size_bytes": 13267968,
            "size_max": null,
            "size_min": null,
            "sort_direction": "asc",
            "sort_key": "name",
            "tag": null,
            "tags": [],
            "updated_at": "2018-04-06T18:52:19Z",
            "visibility": "public"
          }
        }
      ]
    },
    {
      "module": "module.instancies",
      "mode": "managed",
      "type": "openstack_blockstorage_volume_v1",
      "name": "vol",
      "each": "list",
      "provider": "provider.openstack",
      "instances": [
        {
          "index_key": 0,
          "schema_version": 0,
          "attributes": {
            "attachment": [],
            "availability_zone": "nova",
            "description": "stress test volume",
            "id": "12650a6a-89a4-464e-a134-41446d0d0da0",
            "image_id": "58989945-744d-452f-8758-bc1b5dba7d61",
            "metadata": {},
            "name": "stress-test-vol0",
            "region": "",
            "size": 1,
            "snapshot_id": "",
            "source_vol_id": "",
            "timeouts": null,
            "volume_type": "myvol"
          },
          "private": "eyJlMmJmYjczMC1lY2FhLTExZTYtOGY4OC0zNDM2M2JjN2M0YzAiOnsiY3JlYXRlIjo2MDAwMDAwMDAwMDAsImRlbGV0ZSI6NjAwMDAwMDAwMDAwfX0="
        },
        {
          "index_key": 1,
          "schema_version": 0,
          "attributes": {
            "attachment": [],
            "availability_zone": "nova",
            "description": "stress test volume",
            "id": "402f201b-76f4-4750-a0d1-4f8ebb8ead8b",
            "image_id": "58989945-744d-452f-8758-bc1b5dba7d61",
            "metadata": {},
            "name": "stress-test-vol1",
            "region": "",
            "size": 1,
            "snapshot_id": "",
            "source_vol_id": "",
            "timeouts": null,
            "volume_type": "myvol"
          },
          "private": "eyJlMmJmYjczMC1lY2FhLTExZTYtOGY4OC0zNDM2M2JjN2M0YzAiOnsiY3JlYXRlIjo2MDAwMDAwMDAwMDAsImRlbGV0ZSI6NjAwMDAwMDAwMDAwfX0="
        }
      ]
    },
    {
      "module": "module.instancies",
      "mode": "managed",
      "type": "openstack_compute_instance_v2",
      "name": "vms",
      "each": "list",
      "provider": "provider.openstack",
      "instances": [
        {
          "index_key": 0,
          "schema_version": 0,
          "attributes": {
            "access_ip_v4": "192.168.99.9",
            "access_ip_v6": "",
            "admin_pass": null,
            "all_metadata": {},
            "all_tags": [],
            "availability_zone": "nova",
            "block_device": [
              {
                "boot_index": 0,
                "delete_on_termination": true,
                "destination_type": "volume",
                "device_type": "",
                "disk_bus": "",
                "guest_format": "",
                "source_type": "volume",
                "uuid": "12650a6a-89a4-464e-a134-41446d0d0da0",
                "volume_size": 0
              }
            ],
            "config_drive": null,
            "flavor_id": "1",
            "flavor_name": "m1.tiny",
            "floating_ip": null,
            "force_delete": false,
            "id": "dc9dd852-b3d4-4b11-b295-a4e124bfd65e",
            "image_id": "Attempt to boot from volume - no image supplied",
            "image_name": "cirros",
            "key_pair": "",
            "metadata": null,
            "name": "stress-test0",
            "network": [
              {
                "access_network": false,
                "fixed_ip_v4": "192.168.99.9",
                "fixed_ip_v6": "",
                "floating_ip": "",
                "mac": "fa:16:3e:95:b1:6a",
                "name": "public",
                "port": "",
                "uuid": "2b44418e-71dd-49a9-8d8b-cd2c1d27de29"
              }
            ],
            "personality": [],
            "power_state": "active",
            "region": "",
            "scheduler_hints": [],
            "security_groups": [
              "default"
            ],
            "stop_before_destroy": false,
            "tags": null,
            "timeouts": null,
            "user_data": null,
            "vendor_options": [],
            "volume": []
          },
          "private": "eyJlMmJmYjczMC1lY2FhLTExZTYtOGY4OC0zNDM2M2JjN2M0YzAiOnsiY3JlYXRlIjoxODAwMDAwMDAwMDAwLCJkZWxldGUiOjE4MDAwMDAwMDAwMDAsInVwZGF0ZSI6MTgwMDAwMDAwMDAwMH19",
          "dependencies": [
            "module.instancies.openstack_blockstorage_volume_v1.vol"
          ]
        },
        {
          "index_key": 1,
          "schema_version": 0,
          "attributes": {
            "access_ip_v4": "192.168.99.6",
            "access_ip_v6": "",
            "admin_pass": null,
            "all_metadata": {},
            "all_tags": [],
            "availability_zone": "nova",
            "block_device": [
              {
                "boot_index": 0,
                "delete_on_termination": true,
                "destination_type": "volume",
                "device_type": "",
                "disk_bus": "",
                "guest_format": "",
                "source_type": "volume",
                "uuid": "402f201b-76f4-4750-a0d1-4f8ebb8ead8b",
                "volume_size": 0
              }
            ],
            "config_drive": null,
            "flavor_id": "1",
            "flavor_name": "m1.tiny",
            "floating_ip": null,
            "force_delete": false,
            "id": "2a431c66-99fa-4f03-bdac-1d09c0ba89f2",
            "image_id": "Attempt to boot from volume - no image supplied",
            "image_name": "cirros",
            "key_pair": "",
            "metadata": null,
            "name": "stress-test1",
            "network": [
              {
                "access_network": false,
                "fixed_ip_v4": "192.168.99.6",
                "fixed_ip_v6": "",
                "floating_ip": "",
                "mac": "fa:16:3e:e0:f8:e1",
                "name": "public",
                "port": "",
                "uuid": "2b44418e-71dd-49a9-8d8b-cd2c1d27de29"
              }
            ],
            "personality": [],
            "power_state": "active",
            "region": "",
            "scheduler_hints": [],
            "security_groups": [
              "default"
            ],
            "stop_before_destroy": false,
            "tags": null,
            "timeouts": null,
            "user_data": null,
            "vendor_options": [],
            "volume": []
          },
          "private": "eyJlMmJmYjczMC1lY2FhLTExZTYtOGY4OC0zNDM2M2JjN2M0YzAiOnsiY3JlYXRlIjoxODAwMDAwMDAwMDAwLCJkZWxldGUiOjE4MDAwMDAwMDAwMDAsInVwZGF0ZSI6MTgwMDAwMDAwMDAwMH19",
          "dependencies": [
            "module.instancies.openstack_blockstorage_volume_v1.vol"
          ]
        }
      ]
    }
  ]
}
